
Microsoft Visual Studio Solution File, Format Version 12.00
# Visual Studio Version 16
VisualStudioVersion = 16.0.31019.35
MinimumVisualStudioVersion = 10.0.40219.1
Project("{9A19103F-16F7-4668-BE54-9A1E7A4F7556}") = "Fumasi", "Fumasi\Fumasi.csproj", "{4C6CC203-DAC3-4C98-8446-0B954AEBCC85}"
EndProject
Project("{9A19103F-16F7-4668-BE54-9A1E7A4F7556}") = "DBL", "DBL\DBL.csproj", "{154A8978-E66A-4277-B137-59F02E2F4ABB}"
EndProject
Global
	GlobalSection(SolutionConfigurationPlatforms) = preSolution
		Debug|Any CPU = Debug|Any CPU
		Debug|iPhone = Debug|iPhone
		Debug|iPhoneSimulator = Debug|iPhoneSimulator
		Release|Any CPU = Release|Any CPU
		Release|iPhone = Release|iPhone
		Release|iPhoneSimulator = Release|iPhoneSimulator
	EndGlobalSection
	GlobalSection(ProjectConfigurationPlatforms) = postSolution
		{4C6CC203-DAC3-4C98-8446-0B954AEBCC85}.Debug|Any CPU.ActiveCfg = Debug|Any CPU
		{4C6CC203-DAC3-4C98-8446-0B954AEBCC85}.Debug|Any CPU.Build.0 = Debug|Any CPU
		{4C6CC203-DAC3-4C98-8446-0B954AEBCC85}.Debug|iPhone.ActiveCfg = Debug|Any CPU
		{4C6CC203-DAC3-4C98-8446-0B954AEBCC85}.Debug|iPhone.Build.0 = Debug|Any CPU
		{4C6CC203-DAC3-4C98-8446-0B954AEBCC85}.Debug|iPhoneSimulator.ActiveCfg = Debug|Any CPU
		{4C6CC203-DAC3-4C98-8446-0B954AEBCC85}.Debug|iPhoneSimulator.Build.0 = Debug|Any CPU
		{4C6CC203-DAC3-4C98-8446-0B954AEBCC85}.Release|Any CPU.ActiveCfg = Release|Any CPU
		{4C6CC203-DAC3-4C98-8446-0B954AEBCC85}.Release|Any CPU.Build.0 = Release|Any CPU
		{4C6CC203-DAC3-4C98-8446-0B954AEBCC85}.Release|iPhone.ActiveCfg = Release|Any CPU
		{4C6CC203-DAC3-4C98-8446-0B954AEBCC85}.Release|iPhone.Build.0 = Release|Any CPU
		{4C6CC203-DAC3-4C98-8446-0B954AEBCC85}.Release|iPhoneSimulator.ActiveCfg = Release|Any CPU
		{4C6CC203-DAC3-4C98-8446-0B954AEBCC85}.Release|iPhoneSimulator.Build.0 = Release|Any CPU
		{154A8978-E66A-4277-B137-59F02E2F4ABB}.Debug|Any CPU.ActiveCfg = Debug|Any CPU
		{154A8978-E66A-4277-B137-59F02E2F4ABB}.Debug|Any CPU.Build.0 = Debug|Any CPU
		{154A8978-E66A-4277-B137-59F02E2F4ABB}.Debug|iPhone.ActiveCfg = Debug|Any CPU
		{154A8978-E66A-4277-B137-59F02E2F4ABB}.Debug|iPhone.Build.0 = Debug|Any CPU
		{154A8978-E66A-4277-B137-59F02E2F4ABB}.Debug|iPhoneSimulator.ActiveCfg = Debug|Any CPU
		{154A8978-E66A-4277-B137-59F02E2F4ABB}.Debug|iPhoneSimulator.Build.0 = Debug|Any CPU
		{154A8978-E66A-4277-B137-59F02E2F4ABB}.Release|Any CPU.ActiveCfg = Release|Any CPU
		{154A8978-E66A-4277-B137-59F02E2F4ABB}.Release|Any CPU.Build.0 = Release|Any CPU
		{154A8978-E66A-4277-B137-59F02E2F4ABB}.Release|iPhone.ActiveCfg = Release|Any CPU
		{154A8978-E66A-4277-B137-59F02E2F4ABB}.Release|iPhone.Build.0 = Release|Any CPU
		{154A8978-E66A-4277-B137-59F02E2F4ABB}.Release|iPhoneSimulator.ActiveCfg = Release|Any CPU
		{154A8978-E66A-4277-B137-59F02E2F4ABB}.Release|iPhoneSimulator.Build.0 = Release|Any CPU
	EndGlobalSection
	GlobalSection(SolutionProperties) = preSolution
		HideSolutionNode = FALSE
	EndGlobalSection
	GlobalSection(ExtensibilityGlobals) = postSolution
		SolutionGuid = {9739EE50-5962-4A4A-9306-EB00BF59CBFF}
	EndGlobalSection
EndGlobal
